{
  "name": "yelp",
  "version": "1.0.0",
  "lockfileVersion": 1,
  "requires": true,
  "dependencies": {
    "@tonybadguy/call-me-maybe": {
      "version": "2.0.1",
      "resolved": "https://registry.npmjs.org/@tonybadguy/call-me-maybe/-/call-me-maybe-2.0.1.tgz",
      "integrity": "sha1-IzJn6woWJcL1lU8nrzZLSinG40Q=",
      "dev": true,
      "requires": {
        "caseless": "0.11.0",
        "error": "7.0.2",
        "small-request": "2.0.2",
        "string-template": "1.0.0"
      }
    },
    "caseless": {
      "version": "0.11.0",
      "resolved": "https://registry.npmjs.org/caseless/-/caseless-0.11.0.tgz",
      "integrity": "sha1-cVuW6phBWTzDMGeSP17GDr2k99c=",
      "dev": true
    },
    "error": {
      "version": "7.0.2",
      "resolved": "https://registry.npmjs.org/error/-/error-7.0.2.tgz",
      "integrity": "sha1-pfdf/02ZJhJt2sDqXcOOaJFTywI=",
      "dev": true,
      "requires": {
        "string-template": "0.2.1",
        "xtend": "4.0.1"
      },
      "dependencies": {
        "string-template": {
          "version": "0.2.1",
          "resolved": "https://registry.npmjs.org/string-template/-/string-template-0.2.1.tgz",
          "integrity": "sha1-QpMuWYo1LQH8IuwzZ9nYTuxsmt0=",
          "dev": true
        }
      }
    },
    "request-function": {
      "version": "2.0.0",
      "resolved": "https://registry.npmjs.org/request-function/-/request-function-2.0.0.tgz",
      "integrity": "sha1-J6rOJ/hx48L9SKGdrXXKOExLhlQ=",
      "dev": true,
      "requires": {
        "error": "7.0.2"
      }
    },
    "small-request": {
      "version": "2.0.2",
      "resolved": "https://registry.npmjs.org/small-request/-/small-request-2.0.2.tgz",
      "integrity": "sha1-pEuo2G+i3iTBaAhSaMVn+IUDBlM=",
      "dev": true,
      "requires": {
        "request-function": "2.0.0"
      }
    },
    "string-template": {
      "version": "1.0.0",
      "resolved": "https://registry.npmjs.org/string-template/-/string-template-1.0.0.tgz",
      "integrity": "sha1-np8iM9wA8hhxjsN5oopWc+zKi5Y=",
      "dev": true
    },
    "xtend": {
      "version": "4.0.1",
      "resolved": "https://registry.npmjs.org/xtend/-/xtend-4.0.1.tgz",
      "integrity": "sha1-pcbVMr5lbiPbgg77lDofBJmNY68=",
      "dev": true
    },
    "yelp-fusion": {
      "version": "2.0.3",
      "resolved": "https://registry.npmjs.org/yelp-fusion/-/yelp-fusion-2.0.3.tgz",
      "integrity": "sha1-cB7yyQLqyM9LK6U92VKnDYeCRPg=",
      "dev": true,
      "requires": {
        "@tonybadguy/call-me-maybe": "2.0.1"
      }
    }
  }
}
